// !$*UTF8*$!
{
	archiveVersion = 1;
	classes = {
	};
	objectVersion = 56;
	objects = {

/* Begin PBXBuildFile section */
		F50F4A3F2C6072FE00BD0E7A /* always.h in Headers */ = {isa = PBXBuildFile; fileRef = F50F4A3D2C6072FE00BD0E7A /* always.h */; };
		F50F4A402C6072FE00BD0E7A /* always.m in Sources */ = {isa = PBXBuildFile; fileRef = F50F4A3E2C6072FE00BD0E7A /* always.m */; };
		F50F4A432C60745F00BD0E7A /* oneSDKBranchForceBindView.h in Headers */ = {isa = PBXBuildFile; fileRef = F50F4A412C60745F00BD0E7A /* oneSDKBranchForceBindView.h */; };
		F50F4A442C60745F00BD0E7A /* oneSDKBranchForceBindView.m in Sources */ = {isa = PBXBuildFile; fileRef = F50F4A422C60745F00BD0E7A /* oneSDKBranchForceBindView.m */; };
		F50F4A472C60757900BD0E7A /* oneSDKBranchModifyNickName.h in Headers */ = {isa = PBXBuildFile; fileRef = F50F4A452C60757900BD0E7A /* oneSDKBranchModifyNickName.h */; };
		F50F4A482C60757900BD0E7A /* oneSDKBranchModifyNickName.m in Sources */ = {isa = PBXBuildFile; fileRef = F50F4A462C60757900BD0E7A /* oneSDKBranchModifyNickName.m */; };
		F50F4A552C60824900BD0E7A /* tips_h.png in Resources */ = {isa = PBXBuildFile; fileRef = F50F4A492C60824800BD0E7A /* tips_h.png */; };
		F50F4A562C60824900BD0E7A /* info_small_s.png in Resources */ = {isa = PBXBuildFile; fileRef = F50F4A4A2C60824800BD0E7A /* info_small_s.png */; };
		F50F4A572C60824900BD0E7A /* info_small_h.png in Resources */ = {isa = PBXBuildFile; fileRef = F50F4A4B2C60824800BD0E7A /* info_small_h.png */; };
		F50F4A582C60824900BD0E7A /* login_bg_h.png in Resources */ = {isa = PBXBuildFile; fileRef = F50F4A4C2C60824800BD0E7A /* login_bg_h.png */; };
		F50F4A592C60824900BD0E7A /* login_line_h.png in Resources */ = {isa = PBXBuildFile; fileRef = F50F4A4D2C60824800BD0E7A /* login_line_h.png */; };
		F50F4A5A2C60824900BD0E7A /* login_submit_btn.png in Resources */ = {isa = PBXBuildFile; fileRef = F50F4A4E2C60824800BD0E7A /* login_submit_btn.png */; };
		F50F4A5B2C60824900BD0E7A /* info_bg_s.png in Resources */ = {isa = PBXBuildFile; fileRef = F50F4A4F2C60824800BD0E7A /* info_bg_s.png */; };
		F50F4A5C2C60824900BD0E7A /* login_bg_s.png in Resources */ = {isa = PBXBuildFile; fileRef = F50F4A502C60824800BD0E7A /* login_bg_s.png */; };
		F50F4A5D2C60824900BD0E7A /* login_line_s.png in Resources */ = {isa = PBXBuildFile; fileRef = F50F4A512C60824900BD0E7A /* login_line_s.png */; };
		F50F4A5E2C60824900BD0E7A /* guestbutton.png in Resources */ = {isa = PBXBuildFile; fileRef = F50F4A522C60824900BD0E7A /* guestbutton.png */; };
		F50F4A5F2C60824900BD0E7A /* tips_s.png in Resources */ = {isa = PBXBuildFile; fileRef = F50F4A532C60824900BD0E7A /* tips_s.png */; };
		F50F4A602C60824900BD0E7A /* loading.png in Resources */ = {isa = PBXBuildFile; fileRef = F50F4A542C60824900BD0E7A /* loading.png */; };
		F51FED712CA7C00B00835A9E /* oneSDKBranchForceBindRewardView.h in Headers */ = {isa = PBXBuildFile; fileRef = F51FED6F2CA7C00B00835A9E /* oneSDKBranchForceBindRewardView.h */; };
		F51FED722CA7C00B00835A9E /* oneSDKBranchForceBindRewardView.m in Sources */ = {isa = PBXBuildFile; fileRef = F51FED702CA7C00B00835A9E /* oneSDKBranchForceBindRewardView.m */; };
		F51FED752CA7C7DF00835A9E /* reward_bar_h.png in Resources */ = {isa = PBXBuildFile; fileRef = F51FED732CA7C7DF00835A9E /* reward_bar_h.png */; };
		F51FED762CA7C7DF00835A9E /* reward_bar_s.png in Resources */ = {isa = PBXBuildFile; fileRef = F51FED742CA7C7DF00835A9E /* reward_bar_s.png */; };
		F536B75A2C7EDF5500107ECE /* oneSDKBranchInternalSingleCase.h in Headers */ = {isa = PBXBuildFile; fileRef = F536B7582C7EDF5500107ECE /* oneSDKBranchInternalSingleCase.h */; };
		F536B75B2C7EDF5500107ECE /* oneSDKBranchInternalSingleCase.m in Sources */ = {isa = PBXBuildFile; fileRef = F536B7592C7EDF5500107ECE /* oneSDKBranchInternalSingleCase.m */; };
		F552CDF52DE954BF008888F4 /* GoogleSignIn in Frameworks */ = {isa = PBXBuildFile; productRef = F552CDF42DE954BF008888F4 /* GoogleSignIn */; };
		F552CDF72DE954BF008888F4 /* GoogleSignInSwift in Frameworks */ = {isa = PBXBuildFile; productRef = F552CDF62DE954BF008888F4 /* GoogleSignInSwift */; };
		F552CDFC2DE95B39008888F4 /* ApplicationServices.framework in Frameworks */ = {isa = PBXBuildFile; fileRef = F552CDFA2DE95A62008888F4 /* ApplicationServices.framework */; };
		F552CE9E2DE97527008888F4 /* AdjustSdk in Frameworks */ = {isa = PBXBuildFile; productRef = F552CE9D2DE97527008888F4 /* AdjustSdk */; };
		F552CEA02DE97527008888F4 /* AdjustWebBridge in Frameworks */ = {isa = PBXBuildFile; productRef = F552CE9F2DE97527008888F4 /* AdjustWebBridge */; };
		F599991C2DE6F79D005472C3 /* FacebookAEM in Frameworks */ = {isa = PBXBuildFile; productRef = F599991B2DE6F79D005472C3 /* FacebookAEM */; };
		F599991E2DE6F79D005472C3 /* FacebookBasics in Frameworks */ = {isa = PBXBuildFile; productRef = F599991D2DE6F79D005472C3 /* FacebookBasics */; };
		F59999202DE6F79D005472C3 /* FacebookCore in Frameworks */ = {isa = PBXBuildFile; productRef = F599991F2DE6F79D005472C3 /* FacebookCore */; };
		F59999222DE6F79D005472C3 /* FacebookGamingServices in Frameworks */ = {isa = PBXBuildFile; productRef = F59999212DE6F79D005472C3 /* FacebookGamingServices */; };
		F59999242DE6F79D005472C3 /* FacebookLogin in Frameworks */ = {isa = PBXBuildFile; productRef = F59999232DE6F79D005472C3 /* FacebookLogin */; settings = {ATTRIBUTES = (Required, ); }; };
		F59C1A5E2BC9170A00CC6A22 /* oneSDK.docc in Sources */ = {isa = PBXBuildFile; fileRef = F59C1A5D2BC9170A00CC6A22 /* oneSDK.docc */; };
		F59C1A642BC9170A00CC6A22 /* oneSDK.framework in Frameworks */ = {isa = PBXBuildFile; fileRef = F59C1A592BC9170A00CC6A22 /* oneSDK.framework */; };
		F59C1A692BC9170A00CC6A22 /* oneSDKTests.m in Sources */ = {isa = PBXBuildFile; fileRef = F59C1A682BC9170A00CC6A22 /* oneSDKTests.m */; };
		F59C1A6A2BC9170A00CC6A22 /* oneSDK.h in Headers */ = {isa = PBXBuildFile; fileRef = F59C1A5C2BC9170A00CC6A22 /* oneSDK.h */; settings = {ATTRIBUTES = (Public, ); }; };
		F59C1B6F2BC918D900CC6A22 /* applebutton.png in Resources */ = {isa = PBXBuildFile; fileRef = F59C1B572BC918CE00CC6A22 /* applebutton.png */; };
		F59C1B702BC918DA00CC6A22 /* button.png in Resources */ = {isa = PBXBuildFile; fileRef = F59C1B682BC918CE00CC6A22 /* button.png */; };
		F59C1B712BC918DB00CC6A22 /* closebtn.png in Resources */ = {isa = PBXBuildFile; fileRef = F59C1B562BC918CE00CC6A22 /* closebtn.png */; };
		F59C1B722BC918DC00CC6A22 /* fbbutton.png in Resources */ = {isa = PBXBuildFile; fileRef = F59C1B602BC918CE00CC6A22 /* fbbutton.png */; };
		F59C1B732BC918DD00CC6A22 /* googlebutton.png in Resources */ = {isa = PBXBuildFile; fileRef = F59C1B672BC918CE00CC6A22 /* googlebutton.png */; };
		F59C1B762BC918E100CC6A22 /* info_bg_h.png in Resources */ = {isa = PBXBuildFile; fileRef = F59C1B662BC918CE00CC6A22 /* info_bg_h.png */; };
		F59C1B842BC918F200CC6A22 /* tips.json in Resources */ = {isa = PBXBuildFile; fileRef = F59C1B5E2BC918CE00CC6A22 /* tips.json */; };
		F59C1B892BC9195D00CC6A22 /* sy_ball.png in Resources */ = {isa = PBXBuildFile; fileRef = F59C1B882BC9195B00CC6A22 /* sy_ball.png */; };
		F59C1BCF2BC9198F00CC6A22 /* oneSDKBranchGameJniHelper.h in Headers */ = {isa = PBXBuildFile; fileRef = F59C1B8A2BC9198F00CC6A22 /* oneSDKBranchGameJniHelper.h */; };
		F59C1BD02BC9198F00CC6A22 /* oneSDKBranchGameJniHelper.m in Sources */ = {isa = PBXBuildFile; fileRef = F59C1B8B2BC9198F00CC6A22 /* oneSDKBranchGameJniHelper.m */; };
		F59C1BD12BC9198F00CC6A22 /* oneSDKBranchPlayerConfig.h in Headers */ = {isa = PBXBuildFile; fileRef = F59C1B8D2BC9198F00CC6A22 /* oneSDKBranchPlayerConfig.h */; };
		F59C1BD22BC9198F00CC6A22 /* oneSDKBranchPlayerConfig.m in Sources */ = {isa = PBXBuildFile; fileRef = F59C1B8E2BC9198F00CC6A22 /* oneSDKBranchPlayerConfig.m */; };
		F59C1BD32BC9198F00CC6A22 /* oneSDKBranch.h in Headers */ = {isa = PBXBuildFile; fileRef = F59C1B902BC9198F00CC6A22 /* oneSDKBranch.h */; settings = {ATTRIBUTES = (Public, ); }; };
		F59C1BD42BC9198F00CC6A22 /* oneSDKBranch.m in Sources */ = {isa = PBXBuildFile; fileRef = F59C1B912BC9198F00CC6A22 /* oneSDKBranch.m */; };
		F59C1BD52BC9198F00CC6A22 /* oneSDKBranchListener.h in Headers */ = {isa = PBXBuildFile; fileRef = F59C1B932BC9198F00CC6A22 /* oneSDKBranchListener.h */; };
		F59C1BD62BC9198F00CC6A22 /* oneSDKBranchListener.m in Sources */ = {isa = PBXBuildFile; fileRef = F59C1B942BC9198F00CC6A22 /* oneSDKBranchListener.m */; };
		F59C1BD72BC9198F00CC6A22 /* oneSDKBranchHttpManager.h in Headers */ = {isa = PBXBuildFile; fileRef = F59C1B962BC9198F00CC6A22 /* oneSDKBranchHttpManager.h */; };
		F59C1BD82BC9198F00CC6A22 /* oneSDKBranchHttpManager.m in Sources */ = {isa = PBXBuildFile; fileRef = F59C1B972BC9198F00CC6A22 /* oneSDKBranchHttpManager.m */; };
		F59C1BD92BC9198F00CC6A22 /* oneSDKKeychain.h in Headers */ = {isa = PBXBuildFile; fileRef = F59C1B992BC9198F00CC6A22 /* oneSDKKeychain.h */; };
		F59C1BDA2BC9198F00CC6A22 /* oneSDKKeychain.m in Sources */ = {isa = PBXBuildFile; fileRef = F59C1B9A2BC9198F00CC6A22 /* oneSDKKeychain.m */; };
		F59C1BDB2BC9198F00CC6A22 /* oneSDKKeychainQuery.h in Headers */ = {isa = PBXBuildFile; fileRef = F59C1B9B2BC9198F00CC6A22 /* oneSDKKeychainQuery.h */; };
		F59C1BDC2BC9198F00CC6A22 /* oneSDKKeychainQuery.m in Sources */ = {isa = PBXBuildFile; fileRef = F59C1B9C2BC9198F00CC6A22 /* oneSDKKeychainQuery.m */; };
		F59C1BDD2BC9198F00CC6A22 /* oneSDKBranchBase64Utils.h in Headers */ = {isa = PBXBuildFile; fileRef = F59C1B9E2BC9198F00CC6A22 /* oneSDKBranchBase64Utils.h */; };
		F59C1BDE2BC9198F00CC6A22 /* oneSDKBranchBase64Utils.m in Sources */ = {isa = PBXBuildFile; fileRef = F59C1B9F2BC9198F00CC6A22 /* oneSDKBranchBase64Utils.m */; };
		F59C1BDF2BC9198F00CC6A22 /* oneSDKBranchEncryptionUtils.h in Headers */ = {isa = PBXBuildFile; fileRef = F59C1BA02BC9198F00CC6A22 /* oneSDKBranchEncryptionUtils.h */; };
		F59C1BE02BC9198F00CC6A22 /* oneSDKBranchEncryptionUtils.m in Sources */ = {isa = PBXBuildFile; fileRef = F59C1BA12BC9198F00CC6A22 /* oneSDKBranchEncryptionUtils.m */; };
		F59C1BE32BC9198F00CC6A22 /* oneSDKBranchLogUtils.h in Headers */ = {isa = PBXBuildFile; fileRef = F59C1BA42BC9198F00CC6A22 /* oneSDKBranchLogUtils.h */; };
		F59C1BE42BC9198F00CC6A22 /* oneSDKBranchUtils.h in Headers */ = {isa = PBXBuildFile; fileRef = F59C1BA52BC9198F00CC6A22 /* oneSDKBranchUtils.h */; };
		F59C1BE52BC9198F00CC6A22 /* oneSDKBranchUtils.m in Sources */ = {isa = PBXBuildFile; fileRef = F59C1BA62BC9198F00CC6A22 /* oneSDKBranchUtils.m */; };
		F59C1BE82BC9198F00CC6A22 /* oneSDKBranchForgetView.h in Headers */ = {isa = PBXBuildFile; fileRef = F59C1BAB2BC9198F00CC6A22 /* oneSDKBranchForgetView.h */; };
		F59C1BE92BC9198F00CC6A22 /* oneSDKBranchForgetView.m in Sources */ = {isa = PBXBuildFile; fileRef = F59C1BAC2BC9198F00CC6A22 /* oneSDKBranchForgetView.m */; };
		F59C1BEA2BC9198F00CC6A22 /* oneSDKBranchUserInfoView.h in Headers */ = {isa = PBXBuildFile; fileRef = F59C1BAE2BC9198F00CC6A22 /* oneSDKBranchUserInfoView.h */; };
		F59C1BEB2BC9198F00CC6A22 /* oneSDKBranchUserInfoView.m in Sources */ = {isa = PBXBuildFile; fileRef = F59C1BAF2BC9198F00CC6A22 /* oneSDKBranchUserInfoView.m */; };
		F59C1BEC2BC9198F00CC6A22 /* oneSDKBranchLoginView.h in Headers */ = {isa = PBXBuildFile; fileRef = F59C1BB12BC9198F00CC6A22 /* oneSDKBranchLoginView.h */; };
		F59C1BED2BC9198F00CC6A22 /* oneSDKBranchLoginView.m in Sources */ = {isa = PBXBuildFile; fileRef = F59C1BB22BC9198F00CC6A22 /* oneSDKBranchLoginView.m */; };
		F59C1BF02BC9198F00CC6A22 /* oneSDKBranchPayView.h in Headers */ = {isa = PBXBuildFile; fileRef = F59C1BB62BC9198F00CC6A22 /* oneSDKBranchPayView.h */; };
		F59C1BF12BC9198F00CC6A22 /* oneSDKBranchPayView.m in Sources */ = {isa = PBXBuildFile; fileRef = F59C1BB72BC9198F00CC6A22 /* oneSDKBranchPayView.m */; };
		F59C1BF22BC9198F00CC6A22 /* oneSDKBranchRegisterView.h in Headers */ = {isa = PBXBuildFile; fileRef = F59C1BB92BC9198F00CC6A22 /* oneSDKBranchRegisterView.h */; };
		F59C1BF32BC9198F00CC6A22 /* oneSDKBranchRegisterView.m in Sources */ = {isa = PBXBuildFile; fileRef = F59C1BBA2BC9198F00CC6A22 /* oneSDKBranchRegisterView.m */; };
		F59C1BF62BC9198F00CC6A22 /* oneSDKBranchTipsView.h in Headers */ = {isa = PBXBuildFile; fileRef = F59C1BBE2BC9198F00CC6A22 /* oneSDKBranchTipsView.h */; };
		F59C1BF72BC9198F00CC6A22 /* oneSDKBranchTipsView.m in Sources */ = {isa = PBXBuildFile; fileRef = F59C1BBF2BC9198F00CC6A22 /* oneSDKBranchTipsView.m */; };
		F59C1BF82BC9198F00CC6A22 /* oneSDKBranchToastUtils.h in Headers */ = {isa = PBXBuildFile; fileRef = F59C1BC12BC9198F00CC6A22 /* oneSDKBranchToastUtils.h */; };
		F59C1BF92BC9198F00CC6A22 /* oneSDKBranchToastUtils.m in Sources */ = {isa = PBXBuildFile; fileRef = F59C1BC22BC9198F00CC6A22 /* oneSDKBranchToastUtils.m */; };
		F59C1BFA2BC9198F00CC6A22 /* oneSDKBranchSyFloatView.h in Headers */ = {isa = PBXBuildFile; fileRef = F59C1BC42BC9198F00CC6A22 /* oneSDKBranchSyFloatView.h */; };
		F59C1BFB2BC9198F00CC6A22 /* oneSDKBranchSyFloatView.m in Sources */ = {isa = PBXBuildFile; fileRef = F59C1BC52BC9198F00CC6A22 /* oneSDKBranchSyFloatView.m */; };
		F59C1BFC2BC9198F00CC6A22 /* oneSDKBranchBaseActivity.h in Headers */ = {isa = PBXBuildFile; fileRef = F59C1BC72BC9198F00CC6A22 /* oneSDKBranchBaseActivity.h */; };
		F59C1BFD2BC9198F00CC6A22 /* oneSDKBranchBaseActivity.m in Sources */ = {isa = PBXBuildFile; fileRef = F59C1BC82BC9198F00CC6A22 /* oneSDKBranchBaseActivity.m */; };
		F59C1C002BC9198F00CC6A22 /* oneSDKBranchOrderInfo.h in Headers */ = {isa = PBXBuildFile; fileRef = F59C1BCC2BC9198F00CC6A22 /* oneSDKBranchOrderInfo.h */; settings = {ATTRIBUTES = (Public, ); }; };
		F59C1C012BC9198F00CC6A22 /* oneSDKBranchOrderInfo.m in Sources */ = {isa = PBXBuildFile; fileRef = F59C1BCD2BC9198F00CC6A22 /* oneSDKBranchOrderInfo.m */; };
		F59DB2942C8055F700DF6C1B /* ios_pkcs8_rsa_public_key.der in Resources */ = {isa = PBXBuildFile; fileRef = F59DB2932C8055F700DF6C1B /* ios_pkcs8_rsa_public_key.der */; };
		F5C2868D2C7DE69A001BF283 /* forget_bg_s.png in Resources */ = {isa = PBXBuildFile; fileRef = F5C2868B2C7DE69A001BF283 /* forget_bg_s.png */; };
		F5C2868E2C7DE69A001BF283 /* forget_bg_h.png in Resources */ = {isa = PBXBuildFile; fileRef = F5C2868C2C7DE69A001BF283 /* forget_bg_h.png */; };
		F5C286D42C7DFF16001BF283 /* oneSDKBranchLoadingView.h in Headers */ = {isa = PBXBuildFile; fileRef = F5C286D22C7DFF16001BF283 /* oneSDKBranchLoadingView.h */; };
		F5C286D52C7DFF16001BF283 /* oneSDKBranchLoadingView.m in Sources */ = {isa = PBXBuildFile; fileRef = F5C286D32C7DFF16001BF283 /* oneSDKBranchLoadingView.m */; };
		F5C286E62C7E0726001BF283 /* auto_login_title_h.png in Resources */ = {isa = PBXBuildFile; fileRef = F5C286E42C7E0726001BF283 /* auto_login_title_h.png */; };
		F5C286E72C7E0726001BF283 /* auto_login_title_s.png in Resources */ = {isa = PBXBuildFile; fileRef = F5C286E52C7E0726001BF283 /* auto_login_title_s.png */; };
		F5C286E92C7E0819001BF283 /* close.png in Resources */ = {isa = PBXBuildFile; fileRef = F5C286E82C7E0819001BF283 /* close.png */; };
		F5DD987B2C7486E600CAD395 /* oneSDKBranchRSAUtils.h in Headers */ = {isa = PBXBuildFile; fileRef = F5DD98792C7486E600CAD395 /* oneSDKBranchRSAUtils.h */; };
		F5DD987C2C7486E600CAD395 /* oneSDKBranchRSAUtils.m in Sources */ = {isa = PBXBuildFile; fileRef = F5DD987A2C7486E600CAD395 /* oneSDKBranchRSAUtils.m */; };
/* End PBXBuildFile section */

/* Begin PBXContainerItemProxy section */
		F59C1A652BC9170A00CC6A22 /* PBXContainerItemProxy */ = {
			isa = PBXContainerItemProxy;
			containerPortal = F59C1A502BC9170A00CC6A22 /* Project object */;
			proxyType = 1;
			remoteGlobalIDString = F59C1A582BC9170A00CC6A22;
			remoteInfo = oneSDK;
		};
/* End PBXContainerItemProxy section */

/* Begin PBXFileReference section */
		F50F4A3D2C6072FE00BD0E7A /* always.h */ = {isa = PBXFileReference; lastKnownFileType = sourcecode.c.h; path = always.h; sourceTree = "<group>"; };
		F50F4A3E2C6072FE00BD0E7A /* always.m */ = {isa = PBXFileReference; lastKnownFileType = sourcecode.c.objc; path = always.m; sourceTree = "<group>"; };
		F50F4A412C60745F00BD0E7A /* oneSDKBranchForceBindView.h */ = {isa = PBXFileReference; lastKnownFileType = sourcecode.c.h; path = oneSDKBranchForceBindView.h; sourceTree = "<group>"; };
		F50F4A422C60745F00BD0E7A /* oneSDKBranchForceBindView.m */ = {isa = PBXFileReference; lastKnownFileType = sourcecode.c.objc; path = oneSDKBranchForceBindView.m; sourceTree = "<group>"; };
		F50F4A452C60757900BD0E7A /* oneSDKBranchModifyNickName.h */ = {isa = PBXFileReference; lastKnownFileType = sourcecode.c.h; path = oneSDKBranchModifyNickName.h; sourceTree = "<group>"; };
		F50F4A462C60757900BD0E7A /* oneSDKBranchModifyNickName.m */ = {isa = PBXFileReference; lastKnownFileType = sourcecode.c.objc; path = oneSDKBranchModifyNickName.m; sourceTree = "<group>"; };
		F50F4A492C60824800BD0E7A /* tips_h.png */ = {isa = PBXFileReference; lastKnownFileType = image.png; path = tips_h.png; sourceTree = "<group>"; };
		F50F4A4A2C60824800BD0E7A /* info_small_s.png */ = {isa = PBXFileReference; lastKnownFileType = image.png; path = info_small_s.png; sourceTree = "<group>"; };
		F50F4A4B2C60824800BD0E7A /* info_small_h.png */ = {isa = PBXFileReference; lastKnownFileType = image.png; path = info_small_h.png; sourceTree = "<group>"; };
		F50F4A4C2C60824800BD0E7A /* login_bg_h.png */ = {isa = PBXFileReference; lastKnownFileType = image.png; path = login_bg_h.png; sourceTree = "<group>"; };
		F50F4A4D2C60824800BD0E7A /* login_line_h.png */ = {isa = PBXFileReference; lastKnownFileType = image.png; path = login_line_h.png; sourceTree = "<group>"; };
		F50F4A4E2C60824800BD0E7A /* login_submit_btn.png */ = {isa = PBXFileReference; lastKnownFileType = image.png; path = login_submit_btn.png; sourceTree = "<group>"; };
		F50F4A4F2C60824800BD0E7A /* info_bg_s.png */ = {isa = PBXFileReference; lastKnownFileType = image.png; path = info_bg_s.png; sourceTree = "<group>"; };
		F50F4A502C60824800BD0E7A /* login_bg_s.png */ = {isa = PBXFileReference; lastKnownFileType = image.png; path = login_bg_s.png; sourceTree = "<group>"; };
		F50F4A512C60824900BD0E7A /* login_line_s.png */ = {isa = PBXFileReference; lastKnownFileType = image.png; path = login_line_s.png; sourceTree = "<group>"; };
		F50F4A522C60824900BD0E7A /* guestbutton.png */ = {isa = PBXFileReference; lastKnownFileType = image.png; path = guestbutton.png; sourceTree = "<group>"; };
		F50F4A532C60824900BD0E7A /* tips_s.png */ = {isa = PBXFileReference; lastKnownFileType = image.png; path = tips_s.png; sourceTree = "<group>"; };
		F50F4A542C60824900BD0E7A /* loading.png */ = {isa = PBXFileReference; lastKnownFileType = image.png; path = loading.png; sourceTree = "<group>"; };
		F51FED6F2CA7C00B00835A9E /* oneSDKBranchForceBindRewardView.h */ = {isa = PBXFileReference; lastKnownFileType = sourcecode.c.h; path = oneSDKBranchForceBindRewardView.h; sourceTree = "<group>"; };
		F51FED702CA7C00B00835A9E /* oneSDKBranchForceBindRewardView.m */ = {isa = PBXFileReference; lastKnownFileType = sourcecode.c.objc; path = oneSDKBranchForceBindRewardView.m; sourceTree = "<group>"; };
		F51FED732CA7C7DF00835A9E /* reward_bar_h.png */ = {isa = PBXFileReference; lastKnownFileType = image.png; path = reward_bar_h.png; sourceTree = "<group>"; };
		F51FED742CA7C7DF00835A9E /* reward_bar_s.png */ = {isa = PBXFileReference; lastKnownFileType = image.png; path = reward_bar_s.png; sourceTree = "<group>"; };
		F536B7582C7EDF5500107ECE /* oneSDKBranchInternalSingleCase.h */ = {isa = PBXFileReference; fileEncoding = 4; lastKnownFileType = sourcecode.c.h; path = oneSDKBranchInternalSingleCase.h; sourceTree = "<group>"; };
		F536B7592C7EDF5500107ECE /* oneSDKBranchInternalSingleCase.m */ = {isa = PBXFileReference; fileEncoding = 4; lastKnownFileType = sourcecode.c.objc; path = oneSDKBranchInternalSingleCase.m; sourceTree = "<group>"; };
		F552CDF82DE95A4C008888F4 /* AdServices.framework */ = {isa = PBXFileReference; lastKnownFileType = wrapper.framework; name = AdServices.framework; path = Platforms/MacOSX.platform/Developer/SDKs/MacOSX15.5.sdk/System/Library/Frameworks/AdServices.framework; sourceTree = DEVELOPER_DIR; };
		F552CDFA2DE95A62008888F4 /* ApplicationServices.framework */ = {isa = PBXFileReference; lastKnownFileType = wrapper.framework; name = ApplicationServices.framework; path = Platforms/MacOSX.platform/Developer/SDKs/MacOSX15.5.sdk/System/Library/Frameworks/ApplicationServices.framework; sourceTree = DEVELOPER_DIR; };
		F59C1A592BC9170A00CC6A22 /* oneSDK.framework */ = {isa = PBXFileReference; explicitFileType = wrapper.framework; includeInIndex = 0; path = oneSDK.framework; sourceTree = BUILT_PRODUCTS_DIR; };
		F59C1A5C2BC9170A00CC6A22 /* oneSDK.h */ = {isa = PBXFileReference; lastKnownFileType = sourcecode.c.h; path = oneSDK.h; sourceTree = "<group>"; };
		F59C1A5D2BC9170A00CC6A22 /* oneSDK.docc */ = {isa = PBXFileReference; lastKnownFileType = folder.documentationcatalog; path = oneSDK.docc; sourceTree = "<group>"; };
		F59C1A632BC9170A00CC6A22 /* oneSDKTests.xctest */ = {isa = PBXFileReference; explicitFileType = wrapper.cfbundle; includeInIndex = 0; path = oneSDKTests.xctest; sourceTree = BUILT_PRODUCTS_DIR; };
		F59C1A682BC9170A00CC6A22 /* oneSDKTests.m */ = {isa = PBXFileReference; lastKnownFileType = sourcecode.c.objc; path = oneSDKTests.m; sourceTree = "<group>"; };
		F59C1AB82BC9180D00CC6A22 /* Resource.bundle */ = {isa = PBXFileReference; explicitFileType = wrapper.cfbundle; includeInIndex = 0; path = Resource.bundle; sourceTree = BUILT_PRODUCTS_DIR; };
		F59C1B562BC918CE00CC6A22 /* closebtn.png */ = {isa = PBXFileReference; lastKnownFileType = image.png; path = closebtn.png; sourceTree = "<group>"; };
		F59C1B572BC918CE00CC6A22 /* applebutton.png */ = {isa = PBXFileReference; lastKnownFileType = image.png; path = applebutton.png; sourceTree = "<group>"; };
		F59C1B5E2BC918CE00CC6A22 /* tips.json */ = {isa = PBXFileReference; lastKnownFileType = text.json; path = tips.json; sourceTree = "<group>"; };
		F59C1B602BC918CE00CC6A22 /* fbbutton.png */ = {isa = PBXFileReference; lastKnownFileType = image.png; path = fbbutton.png; sourceTree = "<group>"; };
		F59C1B662BC918CE00CC6A22 /* info_bg_h.png */ = {isa = PBXFileReference; lastKnownFileType = image.png; path = info_bg_h.png; sourceTree = "<group>"; };
		F59C1B672BC918CE00CC6A22 /* googlebutton.png */ = {isa = PBXFileReference; lastKnownFileType = image.png; path = googlebutton.png; sourceTree = "<group>"; };
		F59C1B682BC918CE00CC6A22 /* button.png */ = {isa = PBXFileReference; lastKnownFileType = image.png; path = button.png; sourceTree = "<group>"; };
		F59C1B882BC9195B00CC6A22 /* sy_ball.png */ = {isa = PBXFileReference; lastKnownFileType = image.png; path = sy_ball.png; sourceTree = "<group>"; };
		F59C1B8A2BC9198F00CC6A22 /* oneSDKBranchGameJniHelper.h */ = {isa = PBXFileReference; fileEncoding = 4; lastKnownFileType = sourcecode.c.h; path = oneSDKBranchGameJniHelper.h; sourceTree = "<group>"; };
		F59C1B8B2BC9198F00CC6A22 /* oneSDKBranchGameJniHelper.m */ = {isa = PBXFileReference; fileEncoding = 4; lastKnownFileType = sourcecode.c.objc; path = oneSDKBranchGameJniHelper.m; sourceTree = "<group>"; };
		F59C1B8D2BC9198F00CC6A22 /* oneSDKBranchPlayerConfig.h */ = {isa = PBXFileReference; fileEncoding = 4; lastKnownFileType = sourcecode.c.h; path = oneSDKBranchPlayerConfig.h; sourceTree = "<group>"; };
		F59C1B8E2BC9198F00CC6A22 /* oneSDKBranchPlayerConfig.m */ = {isa = PBXFileReference; fileEncoding = 4; lastKnownFileType = sourcecode.c.objc; path = oneSDKBranchPlayerConfig.m; sourceTree = "<group>"; };
		F59C1B902BC9198F00CC6A22 /* oneSDKBranch.h */ = {isa = PBXFileReference; fileEncoding = 4; lastKnownFileType = sourcecode.c.h; path = oneSDKBranch.h; sourceTree = "<group>"; };
		F59C1B912BC9198F00CC6A22 /* oneSDKBranch.m */ = {isa = PBXFileReference; fileEncoding = 4; lastKnownFileType = sourcecode.c.objc; path = oneSDKBranch.m; sourceTree = "<group>"; };
		F59C1B932BC9198F00CC6A22 /* oneSDKBranchListener.h */ = {isa = PBXFileReference; fileEncoding = 4; lastKnownFileType = sourcecode.c.h; path = oneSDKBranchListener.h; sourceTree = "<group>"; };
		F59C1B942BC9198F00CC6A22 /* oneSDKBranchListener.m */ = {isa = PBXFileReference; fileEncoding = 4; lastKnownFileType = sourcecode.c.objc; path = oneSDKBranchListener.m; sourceTree = "<group>"; };
		F59C1B962BC9198F00CC6A22 /* oneSDKBranchHttpManager.h */ = {isa = PBXFileReference; fileEncoding = 4; lastKnownFileType = sourcecode.c.h; path = oneSDKBranchHttpManager.h; sourceTree = "<group>"; };
		F59C1B972BC9198F00CC6A22 /* oneSDKBranchHttpManager.m */ = {isa = PBXFileReference; fileEncoding = 4; lastKnownFileType = sourcecode.c.objc; path = oneSDKBranchHttpManager.m; sourceTree = "<group>"; };
		F59C1B992BC9198F00CC6A22 /* oneSDKKeychain.h */ = {isa = PBXFileReference; fileEncoding = 4; lastKnownFileType = sourcecode.c.h; path = oneSDKKeychain.h; sourceTree = "<group>"; };
		F59C1B9A2BC9198F00CC6A22 /* oneSDKKeychain.m */ = {isa = PBXFileReference; fileEncoding = 4; lastKnownFileType = sourcecode.c.objc; path = oneSDKKeychain.m; sourceTree = "<group>"; };
		F59C1B9B2BC9198F00CC6A22 /* oneSDKKeychainQuery.h */ = {isa = PBXFileReference; fileEncoding = 4; lastKnownFileType = sourcecode.c.h; path = oneSDKKeychainQuery.h; sourceTree = "<group>"; };
		F59C1B9C2BC9198F00CC6A22 /* oneSDKKeychainQuery.m */ = {isa = PBXFileReference; fileEncoding = 4; lastKnownFileType = sourcecode.c.objc; path = oneSDKKeychainQuery.m; sourceTree = "<group>"; };
		F59C1B9E2BC9198F00CC6A22 /* oneSDKBranchBase64Utils.h */ = {isa = PBXFileReference; fileEncoding = 4; lastKnownFileType = sourcecode.c.h; path = oneSDKBranchBase64Utils.h; sourceTree = "<group>"; };
		F59C1B9F2BC9198F00CC6A22 /* oneSDKBranchBase64Utils.m */ = {isa = PBXFileReference; fileEncoding = 4; lastKnownFileType = sourcecode.c.objc; path = oneSDKBranchBase64Utils.m; sourceTree = "<group>"; };
		F59C1BA02BC9198F00CC6A22 /* oneSDKBranchEncryptionUtils.h */ = {isa = PBXFileReference; fileEncoding = 4; lastKnownFileType = sourcecode.c.h; path = oneSDKBranchEncryptionUtils.h; sourceTree = "<group>"; };
		F59C1BA12BC9198F00CC6A22 /* oneSDKBranchEncryptionUtils.m */ = {isa = PBXFileReference; fileEncoding = 4; lastKnownFileType = sourcecode.c.objc; path = oneSDKBranchEncryptionUtils.m; sourceTree = "<group>"; };
		F59C1BA42BC9198F00CC6A22 /* oneSDKBranchLogUtils.h */ = {isa = PBXFileReference; fileEncoding = 4; lastKnownFileType = sourcecode.c.h; path = oneSDKBranchLogUtils.h; sourceTree = "<group>"; };
		F59C1BA52BC9198F00CC6A22 /* oneSDKBranchUtils.h */ = {isa = PBXFileReference; fileEncoding = 4; lastKnownFileType = sourcecode.c.h; path = oneSDKBranchUtils.h; sourceTree = "<group>"; };
		F59C1BA62BC9198F00CC6A22 /* oneSDKBranchUtils.m */ = {isa = PBXFileReference; fileEncoding = 4; lastKnownFileType = sourcecode.c.objc; path = oneSDKBranchUtils.m; sourceTree = "<group>"; };
		F59C1BAB2BC9198F00CC6A22 /* oneSDKBranchForgetView.h */ = {isa = PBXFileReference; fileEncoding = 4; lastKnownFileType = sourcecode.c.h; path = oneSDKBranchForgetView.h; sourceTree = "<group>"; };
		F59C1BAC2BC9198F00CC6A22 /* oneSDKBranchForgetView.m */ = {isa = PBXFileReference; fileEncoding = 4; lastKnownFileType = sourcecode.c.objc; path = oneSDKBranchForgetView.m; sourceTree = "<group>"; };
		F59C1BAE2BC9198F00CC6A22 /* oneSDKBranchUserInfoView.h */ = {isa = PBXFileReference; fileEncoding = 4; lastKnownFileType = sourcecode.c.h; path = oneSDKBranchUserInfoView.h; sourceTree = "<group>"; };
		F59C1BAF2BC9198F00CC6A22 /* oneSDKBranchUserInfoView.m */ = {isa = PBXFileReference; fileEncoding = 4; lastKnownFileType = sourcecode.c.objc; path = oneSDKBranchUserInfoView.m; sourceTree = "<group>"; };
		F59C1BB12BC9198F00CC6A22 /* oneSDKBranchLoginView.h */ = {isa = PBXFileReference; fileEncoding = 4; lastKnownFileType = sourcecode.c.h; path = oneSDKBranchLoginView.h; sourceTree = "<group>"; };
		F59C1BB22BC9198F00CC6A22 /* oneSDKBranchLoginView.m */ = {isa = PBXFileReference; fileEncoding = 4; lastKnownFileType = sourcecode.c.objc; path = oneSDKBranchLoginView.m; sourceTree = "<group>"; };
		F59C1BB62BC9198F00CC6A22 /* oneSDKBranchPayView.h */ = {isa = PBXFileReference; fileEncoding = 4; lastKnownFileType = sourcecode.c.h; path = oneSDKBranchPayView.h; sourceTree = "<group>"; };
		F59C1BB72BC9198F00CC6A22 /* oneSDKBranchPayView.m */ = {isa = PBXFileReference; fileEncoding = 4; lastKnownFileType = sourcecode.c.objc; path = oneSDKBranchPayView.m; sourceTree = "<group>"; };
		F59C1BB92BC9198F00CC6A22 /* oneSDKBranchRegisterView.h */ = {isa = PBXFileReference; fileEncoding = 4; lastKnownFileType = sourcecode.c.h; path = oneSDKBranchRegisterView.h; sourceTree = "<group>"; };
		F59C1BBA2BC9198F00CC6A22 /* oneSDKBranchRegisterView.m */ = {isa = PBXFileReference; fileEncoding = 4; lastKnownFileType = sourcecode.c.objc; path = oneSDKBranchRegisterView.m; sourceTree = "<group>"; };
		F59C1BBE2BC9198F00CC6A22 /* oneSDKBranchTipsView.h */ = {isa = PBXFileReference; fileEncoding = 4; lastKnownFileType = sourcecode.c.h; path = oneSDKBranchTipsView.h; sourceTree = "<group>"; };
		F59C1BBF2BC9198F00CC6A22 /* oneSDKBranchTipsView.m */ = {isa = PBXFileReference; fileEncoding = 4; lastKnownFileType = sourcecode.c.objc; path = oneSDKBranchTipsView.m; sourceTree = "<group>"; };
		F59C1BC12BC9198F00CC6A22 /* oneSDKBranchToastUtils.h */ = {isa = PBXFileReference; fileEncoding = 4; lastKnownFileType = sourcecode.c.h; path = oneSDKBranchToastUtils.h; sourceTree = "<group>"; };
		F59C1BC22BC9198F00CC6A22 /* oneSDKBranchToastUtils.m */ = {isa = PBXFileReference; fileEncoding = 4; lastKnownFileType = sourcecode.c.objc; path = oneSDKBranchToastUtils.m; sourceTree = "<group>"; };
		F59C1BC42BC9198F00CC6A22 /* oneSDKBranchSyFloatView.h */ = {isa = PBXFileReference; fileEncoding = 4; lastKnownFileType = sourcecode.c.h; path = oneSDKBranchSyFloatView.h; sourceTree = "<group>"; };
		F59C1BC52BC9198F00CC6A22 /* oneSDKBranchSyFloatView.m */ = {isa = PBXFileReference; fileEncoding = 4; lastKnownFileType = sourcecode.c.objc; path = oneSDKBranchSyFloatView.m; sourceTree = "<group>"; };
		F59C1BC72BC9198F00CC6A22 /* oneSDKBranchBaseActivity.h */ = {isa = PBXFileReference; fileEncoding = 4; lastKnownFileType = sourcecode.c.h; path = oneSDKBranchBaseActivity.h; sourceTree = "<group>"; };
		F59C1BC82BC9198F00CC6A22 /* oneSDKBranchBaseActivity.m */ = {isa = PBXFileReference; fileEncoding = 4; lastKnownFileType = sourcecode.c.objc; path = oneSDKBranchBaseActivity.m; sourceTree = "<group>"; };
		F59C1BCC2BC9198F00CC6A22 /* oneSDKBranchOrderInfo.h */ = {isa = PBXFileReference; fileEncoding = 4; lastKnownFileType = sourcecode.c.h; path = oneSDKBranchOrderInfo.h; sourceTree = "<group>"; };
		F59C1BCD2BC9198F00CC6A22 /* oneSDKBranchOrderInfo.m */ = {isa = PBXFileReference; fileEncoding = 4; lastKnownFileType = sourcecode.c.objc; path = oneSDKBranchOrderInfo.m; sourceTree = "<group>"; };
		F59C1C032BC91A3000CC6A22 /* Foundation.framework */ = {isa = PBXFileReference; lastKnownFileType = wrapper.framework; name = Foundation.framework; path = Platforms/MacOSX.platform/Developer/SDKs/MacOSX14.4.sdk/System/Library/Frameworks/Foundation.framework; sourceTree = DEVELOPER_DIR; };
		F59DB2932C8055F700DF6C1B /* ios_pkcs8_rsa_public_key.der */ = {isa = PBXFileReference; lastKnownFileType = file; path = ios_pkcs8_rsa_public_key.der; sourceTree = "<group>"; };
		F5C2868B2C7DE69A001BF283 /* forget_bg_s.png */ = {isa = PBXFileReference; lastKnownFileType = image.png; path = forget_bg_s.png; sourceTree = "<group>"; };
		F5C2868C2C7DE69A001BF283 /* forget_bg_h.png */ = {isa = PBXFileReference; lastKnownFileType = image.png; path = forget_bg_h.png; sourceTree = "<group>"; };
		F5C286D22C7DFF16001BF283 /* oneSDKBranchLoadingView.h */ = {isa = PBXFileReference; lastKnownFileType = sourcecode.c.h; path = oneSDKBranchLoadingView.h; sourceTree = "<group>"; };
		F5C286D32C7DFF16001BF283 /* oneSDKBranchLoadingView.m */ = {isa = PBXFileReference; lastKnownFileType = sourcecode.c.objc; path = oneSDKBranchLoadingView.m; sourceTree = "<group>"; };
		F5C286E42C7E0726001BF283 /* auto_login_title_h.png */ = {isa = PBXFileReference; lastKnownFileType = image.png; path = auto_login_title_h.png; sourceTree = "<group>"; };
		F5C286E52C7E0726001BF283 /* auto_login_title_s.png */ = {isa = PBXFileReference; lastKnownFileType = image.png; path = auto_login_title_s.png; sourceTree = "<group>"; };
		F5C286E82C7E0819001BF283 /* close.png */ = {isa = PBXFileReference; lastKnownFileType = image.png; path = close.png; sourceTree = "<group>"; };
		F5DD98792C7486E600CAD395 /* oneSDKBranchRSAUtils.h */ = {isa = PBXFileReference; fileEncoding = 4; lastKnownFileType = sourcecode.c.h; path = oneSDKBranchRSAUtils.h; sourceTree = "<group>"; };
		F5DD987A2C7486E600CAD395 /* oneSDKBranchRSAUtils.m */ = {isa = PBXFileReference; fileEncoding = 4; lastKnownFileType = sourcecode.c.objc; path = oneSDKBranchRSAUtils.m; sourceTree = "<group>"; };
/* End PBXFileReference section */

/* Begin PBXFrameworksBuildPhase section */
		F59C1A562BC9170A00CC6A22 /* Frameworks */ = {
			isa = PBXFrameworksBuildPhase;
			buildActionMask = 2147483647;
			files = (
				F552CE9E2DE97527008888F4 /* AdjustSdk in Frameworks */,
				F59999242DE6F79D005472C3 /* FacebookLogin in Frameworks */,
				F552CDFC2DE95B39008888F4 /* ApplicationServices.framework in Frameworks */,
				F552CEA02DE97527008888F4 /* AdjustWebBridge in Frameworks */,
				F599991C2DE6F79D005472C3 /* FacebookAEM in Frameworks */,
				F552CDF72DE954BF008888F4 /* GoogleSignInSwift in Frameworks */,
				F59999202DE6F79D005472C3 /* FacebookCore in Frameworks */,
				F599991E2DE6F79D005472C3 /* FacebookBasics in Frameworks */,
				F59999222DE6F79D005472C3 /* FacebookGamingServices in Frameworks */,
				F552CDF52DE954BF008888F4 /* GoogleSignIn in Frameworks */,
			);
			runOnlyForDeploymentPostprocessing = 0;
		};
		F59C1A602BC9170A00CC6A22 /* Frameworks */ = {
			isa = PBXFrameworksBuildPhase;
			buildActionMask = 2147483647;
			files = (
				F59C1A642BC9170A00CC6A22 /* oneSDK.framework in Frameworks */,
			);
			runOnlyForDeploymentPostprocessing = 0;
		};
		F59C1AB52BC9180D00CC6A22 /* Frameworks */ = {
			isa = PBXFrameworksBuildPhase;
			buildActionMask = 2147483647;
			files = (
			);
			runOnlyForDeploymentPostprocessing = 0;
		};
/* End PBXFrameworksBuildPhase section */

/* Begin PBXGroup section */
		F50F4A392C606E3800BD0E7A /* always */ = {
			isa = PBXGroup;
			children = (
				F50F4A3D2C6072FE00BD0E7A /* always.h */,
				F50F4A3E2C6072FE00BD0E7A /* always.m */,
			);
			path = always;
			sourceTree = "<group>";
		};
		F50F4A3A2C606F9100BD0E7A /* forcebind */ = {
			isa = PBXGroup;
			children = (
				F51FED6F2CA7C00B00835A9E /* oneSDKBranchForceBindRewardView.h */,
				F51FED702CA7C00B00835A9E /* oneSDKBranchForceBindRewardView.m */,
				F50F4A412C60745F00BD0E7A /* oneSDKBranchForceBindView.h */,
				F50F4A422C60745F00BD0E7A /* oneSDKBranchForceBindView.m */,
			);
			path = forcebind;
			sourceTree = "<group>";
		};
		F50F4A3B2C606FF000BD0E7A /* modifynickname */ = {
			isa = PBXGroup;
			children = (
				F50F4A452C60757900BD0E7A /* oneSDKBranchModifyNickName.h */,
				F50F4A462C60757900BD0E7A /* oneSDKBranchModifyNickName.m */,
			);
			path = modifynickname;
			sourceTree = "<group>";
		};
		F59C1A4F2BC9170A00CC6A22 = {
			isa = PBXGroup;
			children = (
				F59C1ABD2BC9181B00CC6A22 /* Resource */,
				F59C1A5B2BC9170A00CC6A22 /* oneSDK */,
				F59C1A672BC9170A00CC6A22 /* oneSDKTests */,
				F59C1A5A2BC9170A00CC6A22 /* Products */,
				F59C1C022BC91A3000CC6A22 /* Frameworks */,
			);
			sourceTree = "<group>";
		};
		F59C1A5A2BC9170A00CC6A22 /* Products */ = {
			isa = PBXGroup;
			children = (
				F59C1A592BC9170A00CC6A22 /* oneSDK.framework */,
				F59C1A632BC9170A00CC6A22 /* oneSDKTests.xctest */,
				F59C1AB82BC9180D00CC6A22 /* Resource.bundle */,
			);
			name = Products;
			sourceTree = "<group>";
		};
		F59C1A5B2BC9170A00CC6A22 /* oneSDK */ = {
			isa = PBXGroup;
			children = (
				F50F4A392C606E3800BD0E7A /* always */,
				F59C1B8C2BC9198F00CC6A22 /* gameJniHelper */,
				F59C1B982BC9198F00CC6A22 /* http */,
				F59C1B952BC9198F00CC6A22 /* listener */,
				F59C1B922BC9198F00CC6A22 /* oneSDK */,
				F59C1BCE2BC9198F00CC6A22 /* payManager */,
				F59C1B8F2BC9198F00CC6A22 /* playerConfig */,
				F59C1BA72BC9198F00CC6A22 /* utils */,
				F59C1BCB2BC9198F00CC6A22 /* view */,
				F59C1A5C2BC9170A00CC6A22 /* oneSDK.h */,
				F59C1A5D2BC9170A00CC6A22 /* oneSDK.docc */,
			);
			path = oneSDK;
			sourceTree = "<group>";
		};
		F59C1A672BC9170A00CC6A22 /* oneSDKTests */ = {
			isa = PBXGroup;
			children = (
				F59C1A682BC9170A00CC6A22 /* oneSDKTests.m */,
			);
			path = oneSDKTests;
			sourceTree = "<group>";
		};
		F59C1ABD2BC9181B00CC6A22 /* Resource */ = {
			isa = PBXGroup;
			children = (
				F51FED732CA7C7DF00835A9E /* reward_bar_h.png */,
				F51FED742CA7C7DF00835A9E /* reward_bar_s.png */,
				F59DB2932C8055F700DF6C1B /* ios_pkcs8_rsa_public_key.der */,
				F5C286E82C7E0819001BF283 /* close.png */,
				F5C286E42C7E0726001BF283 /* auto_login_title_h.png */,
				F5C286E52C7E0726001BF283 /* auto_login_title_s.png */,
				F5C2868C2C7DE69A001BF283 /* forget_bg_h.png */,
				F5C2868B2C7DE69A001BF283 /* forget_bg_s.png */,
				F50F4A522C60824900BD0E7A /* guestbutton.png */,
				F50F4A4F2C60824800BD0E7A /* info_bg_s.png */,
				F50F4A4B2C60824800BD0E7A /* info_small_h.png */,
				F50F4A4A2C60824800BD0E7A /* info_small_s.png */,
				F50F4A542C60824900BD0E7A /* loading.png */,
				F50F4A4C2C60824800BD0E7A /* login_bg_h.png */,
				F50F4A502C60824800BD0E7A /* login_bg_s.png */,
				F50F4A4D2C60824800BD0E7A /* login_line_h.png */,
				F50F4A512C60824900BD0E7A /* login_line_s.png */,
				F50F4A4E2C60824800BD0E7A /* login_submit_btn.png */,
				F50F4A492C60824800BD0E7A /* tips_h.png */,
				F50F4A532C60824900BD0E7A /* tips_s.png */,
				F59C1B572BC918CE00CC6A22 /* applebutton.png */,
				F59C1B682BC918CE00CC6A22 /* button.png */,
				F59C1B562BC918CE00CC6A22 /* closebtn.png */,
				F59C1B602BC918CE00CC6A22 /* fbbutton.png */,
				F59C1B672BC918CE00CC6A22 /* googlebutton.png */,
				F59C1B882BC9195B00CC6A22 /* sy_ball.png */,
				F59C1B662BC918CE00CC6A22 /* info_bg_h.png */,
				F59C1B5E2BC918CE00CC6A22 /* tips.json */,
			);
			path = Resource;
			sourceTree = "<group>";
		};
		F59C1B8C2BC9198F00CC6A22 /* gameJniHelper */ = {
			isa = PBXGroup;
			children = (
				F59C1B8A2BC9198F00CC6A22 /* oneSDKBranchGameJniHelper.h */,
				F59C1B8B2BC9198F00CC6A22 /* oneSDKBranchGameJniHelper.m */,
			);
			path = gameJniHelper;
			sourceTree = "<group>";
		};
		F59C1B8F2BC9198F00CC6A22 /* playerConfig */ = {
			isa = PBXGroup;
			children = (
				F59C1B8D2BC9198F00CC6A22 /* oneSDKBranchPlayerConfig.h */,
				F59C1B8E2BC9198F00CC6A22 /* oneSDKBranchPlayerConfig.m */,
			);
			path = playerConfig;
			sourceTree = "<group>";
		};
		F59C1B922BC9198F00CC6A22 /* oneSDK */ = {
			isa = PBXGroup;
			children = (
				F59C1B902BC9198F00CC6A22 /* oneSDKBranch.h */,
				F59C1B912BC9198F00CC6A22 /* oneSDKBranch.m */,
			);
			path = oneSDK;
			sourceTree = "<group>";
		};
		F59C1B952BC9198F00CC6A22 /* listener */ = {
			isa = PBXGroup;
			children = (
				F59C1B932BC9198F00CC6A22 /* oneSDKBranchListener.h */,
				F59C1B942BC9198F00CC6A22 /* oneSDKBranchListener.m */,
			);
			path = listener;
			sourceTree = "<group>";
		};
		F59C1B982BC9198F00CC6A22 /* http */ = {
			isa = PBXGroup;
			children = (
				F59C1B962BC9198F00CC6A22 /* oneSDKBranchHttpManager.h */,
				F59C1B972BC9198F00CC6A22 /* oneSDKBranchHttpManager.m */,
			);
			path = http;
			sourceTree = "<group>";
		};
		F59C1B9D2BC9198F00CC6A22 /* oneSDKKeychain */ = {
			isa = PBXGroup;
			children = (
				F59C1B992BC9198F00CC6A22 /* oneSDKKeychain.h */,
				F59C1B9A2BC9198F00CC6A22 /* oneSDKKeychain.m */,
				F59C1B9B2BC9198F00CC6A22 /* oneSDKKeychainQuery.h */,
				F59C1B9C2BC9198F00CC6A22 /* oneSDKKeychainQuery.m */,
			);
			path = oneSDKKeychain;
			sourceTree = "<group>";
		};
		F59C1BA72BC9198F00CC6A22 /* utils */ = {
			isa = PBXGroup;
			children = (
				F59C1B9D2BC9198F00CC6A22 /* oneSDKKeychain */,
				F59C1B9E2BC9198F00CC6A22 /* oneSDKBranchBase64Utils.h */,
				F59C1B9F2BC9198F00CC6A22 /* oneSDKBranchBase64Utils.m */,
				F59C1BA02BC9198F00CC6A22 /* oneSDKBranchEncryptionUtils.h */,
				F59C1BA12BC9198F00CC6A22 /* oneSDKBranchEncryptionUtils.m */,
				F59C1BA42BC9198F00CC6A22 /* oneSDKBranchLogUtils.h */,
				F59C1BC12BC9198F00CC6A22 /* oneSDKBranchToastUtils.h */,
				F59C1BC22BC9198F00CC6A22 /* oneSDKBranchToastUtils.m */,
				F59C1BA52BC9198F00CC6A22 /* oneSDKBranchUtils.h */,
				F59C1BA62BC9198F00CC6A22 /* oneSDKBranchUtils.m */,
				F5DD98792C7486E600CAD395 /* oneSDKBranchRSAUtils.h */,
				F5DD987A2C7486E600CAD395 /* oneSDKBranchRSAUtils.m */,
			);
			path = utils;
			sourceTree = "<group>";
		};
		F59C1BAD2BC9198F00CC6A22 /* forget */ = {
			isa = PBXGroup;
			children = (
				F59C1BAB2BC9198F00CC6A22 /* oneSDKBranchForgetView.h */,
				F59C1BAC2BC9198F00CC6A22 /* oneSDKBranchForgetView.m */,
			);
			path = forget;
			sourceTree = "<group>";
		};
		F59C1BB02BC9198F00CC6A22 /* info */ = {
			isa = PBXGroup;
			children = (
				F59C1BAE2BC9198F00CC6A22 /* oneSDKBranchUserInfoView.h */,
				F59C1BAF2BC9198F00CC6A22 /* oneSDKBranchUserInfoView.m */,
			);
			path = info;
			sourceTree = "<group>";
		};
		F59C1BB52BC9198F00CC6A22 /* login */ = {
			isa = PBXGroup;
			children = (
				F59C1BB12BC9198F00CC6A22 /* oneSDKBranchLoginView.h */,
				F59C1BB22BC9198F00CC6A22 /* oneSDKBranchLoginView.m */,
			);
			path = login;
			sourceTree = "<group>";
		};
		F59C1BB82BC9198F00CC6A22 /* pay */ = {
			isa = PBXGroup;
			children = (
				F59C1BB62BC9198F00CC6A22 /* oneSDKBranchPayView.h */,
				F59C1BB72BC9198F00CC6A22 /* oneSDKBranchPayView.m */,
			);
			path = pay;
			sourceTree = "<group>";
		};
		F59C1BBB2BC9198F00CC6A22 /* register */ = {
			isa = PBXGroup;
			children = (
				F59C1BB92BC9198F00CC6A22 /* oneSDKBranchRegisterView.h */,
				F59C1BBA2BC9198F00CC6A22 /* oneSDKBranchRegisterView.m */,
			);
			path = register;
			sourceTree = "<group>";
		};
		F59C1BC02BC9198F00CC6A22 /* tips */ = {
			isa = PBXGroup;
			children = (
				F59C1BBE2BC9198F00CC6A22 /* oneSDKBranchTipsView.h */,
				F59C1BBF2BC9198F00CC6A22 /* oneSDKBranchTipsView.m */,
			);
			path = tips;
			sourceTree = "<group>";
		};
		F59C1BC62BC9198F00CC6A22 /* suspensionWindow */ = {
			isa = PBXGroup;
			children = (
				F536B7582C7EDF5500107ECE /* oneSDKBranchInternalSingleCase.h */,
				F536B7592C7EDF5500107ECE /* oneSDKBranchInternalSingleCase.m */,
				F59C1BC42BC9198F00CC6A22 /* oneSDKBranchSyFloatView.h */,
				F59C1BC52BC9198F00CC6A22 /* oneSDKBranchSyFloatView.m */,
			);
			path = suspensionWindow;
			sourceTree = "<group>";
		};
		F59C1BCB2BC9198F00CC6A22 /* view */ = {
			isa = PBXGroup;
			children = (
				F5C286D12C7DFEFD001BF283 /* loading */,
				F50F4A3A2C606F9100BD0E7A /* forcebind */,
				F59C1BAD2BC9198F00CC6A22 /* forget */,
				F59C1BB02BC9198F00CC6A22 /* info */,
				F59C1BB52BC9198F00CC6A22 /* login */,
				F50F4A3B2C606FF000BD0E7A /* modifynickname */,
				F59C1BB82BC9198F00CC6A22 /* pay */,
				F59C1BBB2BC9198F00CC6A22 /* register */,
				F59C1BC62BC9198F00CC6A22 /* suspensionWindow */,
				F59C1BC02BC9198F00CC6A22 /* tips */,
				F59C1BC72BC9198F00CC6A22 /* oneSDKBranchBaseActivity.h */,
				F59C1BC82BC9198F00CC6A22 /* oneSDKBranchBaseActivity.m */,
			);
			path = view;
			sourceTree = "<group>";
		};
		F59C1BCE2BC9198F00CC6A22 /* payManager */ = {
			isa = PBXGroup;
			children = (
				F59C1BCC2BC9198F00CC6A22 /* oneSDKBranchOrderInfo.h */,
				F59C1BCD2BC9198F00CC6A22 /* oneSDKBranchOrderInfo.m */,
			);
			path = payManager;
			sourceTree = "<group>";
		};
		F59C1C022BC91A3000CC6A22 /* Frameworks */ = {
			isa = PBXGroup;
			children = (
				F552CDFA2DE95A62008888F4 /* ApplicationServices.framework */,
				F552CDF82DE95A4C008888F4 /* AdServices.framework */,
				F59C1C032BC91A3000CC6A22 /* Foundation.framework */,
			);
			name = Frameworks;
			sourceTree = "<group>";
		};
		F5C286D12C7DFEFD001BF283 /* loading */ = {
			isa = PBXGroup;
			children = (
				F5C286D22C7DFF16001BF283 /* oneSDKBranchLoadingView.h */,
				F5C286D32C7DFF16001BF283 /* oneSDKBranchLoadingView.m */,
			);
			path = loading;
			sourceTree = "<group>";
		};
/* End PBXGroup section */

/* Begin PBXHeadersBuildPhase section */
		F59C1A542BC9170A00CC6A22 /* Headers */ = {
			isa = PBXHeadersBuildPhase;
			buildActionMask = 2147483647;
			files = (
				F59C1A6A2BC9170A00CC6A22 /* oneSDK.h in Headers */,
				F59C1BD32BC9198F00CC6A22 /* oneSDKBranch.h in Headers */,
				F536B75A2C7EDF5500107ECE /* oneSDKBranchInternalSingleCase.h in Headers */,
				F59C1C002BC9198F00CC6A22 /* oneSDKBranchOrderInfo.h in Headers */,
				F50F4A3F2C6072FE00BD0E7A /* always.h in Headers */,
				F59C1BD72BC9198F00CC6A22 /* oneSDKBranchHttpManager.h in Headers */,
				F50F4A432C60745F00BD0E7A /* oneSDKBranchForceBindView.h in Headers */,
				F5DD987B2C7486E600CAD395 /* oneSDKBranchRSAUtils.h in Headers */,
				F59C1BDF2BC9198F00CC6A22 /* oneSDKBranchEncryptionUtils.h in Headers */,
				F59C1BDB2BC9198F00CC6A22 /* oneSDKKeychainQuery.h in Headers */,
				F59C1BD12BC9198F00CC6A22 /* oneSDKBranchPlayerConfig.h in Headers */,
				F59C1BEA2BC9198F00CC6A22 /* oneSDKBranchUserInfoView.h in Headers */,
				F59C1BD92BC9198F00CC6A22 /* oneSDKKeychain.h in Headers */,
				F59C1BF02BC9198F00CC6A22 /* oneSDKBranchPayView.h in Headers */,
				F50F4A472C60757900BD0E7A /* oneSDKBranchModifyNickName.h in Headers */,
				F59C1BE32BC9198F00CC6A22 /* oneSDKBranchLogUtils.h in Headers */,
				F59C1BE82BC9198F00CC6A22 /* oneSDKBranchForgetView.h in Headers */,
				F59C1BF62BC9198F00CC6A22 /* oneSDKBranchTipsView.h in Headers */,
				F59C1BCF2BC9198F00CC6A22 /* oneSDKBranchGameJniHelper.h in Headers */,
				F59C1BF82BC9198F00CC6A22 /* oneSDKBranchToastUtils.h in Headers */,
				F5C286D42C7DFF16001BF283 /* oneSDKBranchLoadingView.h in Headers */,
				F51FED712CA7C00B00835A9E /* oneSDKBranchForceBindRewardView.h in Headers */,
				F59C1BFC2BC9198F00CC6A22 /* oneSDKBranchBaseActivity.h in Headers */,
				F59C1BF22BC9198F00CC6A22 /* oneSDKBranchRegisterView.h in Headers */,
				F59C1BDD2BC9198F00CC6A22 /* oneSDKBranchBase64Utils.h in Headers */,
				F59C1BFA2BC9198F00CC6A22 /* oneSDKBranchSyFloatView.h in Headers */,
				F59C1BD52BC9198F00CC6A22 /* oneSDKBranchListener.h in Headers */,
				F59C1BEC2BC9198F00CC6A22 /* oneSDKBranchLoginView.h in Headers */,
				F59C1BE42BC9198F00CC6A22 /* oneSDKBranchUtils.h in Headers */,
			);
			runOnlyForDeploymentPostprocessing = 0;
		};
/* End PBXHeadersBuildPhase section */

/* Begin PBXNativeTarget section */
		F59C1A582BC9170A00CC6A22 /* oneSDK */ = {
			isa = PBXNativeTarget;
			buildConfigurationList = F59C1A6D2BC9170A00CC6A22 /* Build configuration list for PBXNativeTarget "oneSDK" */;
			buildPhases = (
				F59C1A542BC9170A00CC6A22 /* Headers */,
				F59C1A552BC9170A00CC6A22 /* Sources */,
				F59C1A562BC9170A00CC6A22 /* Frameworks */,
				F59C1A572BC9170A00CC6A22 /* Resources */,
			);
			buildRules = (
			);
			dependencies = (
			);
			name = oneSDK;
			productName = oneSDK;
			productReference = F59C1A592BC9170A00CC6A22 /* oneSDK.framework */;
			productType = "com.apple.product-type.framework";
		};
		F59C1A622BC9170A00CC6A22 /* oneSDKTests */ = {
			isa = PBXNativeTarget;
			buildConfigurationList = F59C1A702BC9170A00CC6A22 /* Build configuration list for PBXNativeTarget "oneSDKTests" */;
			buildPhases = (
				F59C1A5F2BC9170A00CC6A22 /* Sources */,
				F59C1A602BC9170A00CC6A22 /* Frameworks */,
				F59C1A612BC9170A00CC6A22 /* Resources */,
			);
			buildRules = (
			);
			dependencies = (
				F59C1A662BC9170A00CC6A22 /* PBXTargetDependency */,
			);
			name = oneSDKTests;
			productName = oneSDKTests;
			productReference = F59C1A632BC9170A00CC6A22 /* oneSDKTests.xctest */;
			productType = "com.apple.product-type.bundle.unit-test";
		};
		F59C1AB72BC9180D00CC6A22 /* Resource */ = {
			isa = PBXNativeTarget;
			buildConfigurationList = F59C1AB92BC9180D00CC6A22 /* Build configuration list for PBXNativeTarget "Resource" */;
			buildPhases = (
				F59C1AB42BC9180D00CC6A22 /* Sources */,
				F59C1AB52BC9180D00CC6A22 /* Frameworks */,
				F59C1AB62BC9180D00CC6A22 /* Resources */,
			);
			buildRules = (
			);
			dependencies = (
			);
			name = Resource;
			productName = Resource;
			productReference = F59C1AB82BC9180D00CC6A22 /* Resource.bundle */;
			productType = "com.apple.product-type.bundle";
		};
/* End PBXNativeTarget section */

/* Begin PBXProject section */
		F59C1A502BC9170A00CC6A22 /* Project object */ = {
			isa = PBXProject;
			attributes = {
				BuildIndependentTargetsInParallel = 1;
				LastUpgradeCheck = 1530;
				TargetAttributes = {
					F59C1A582BC9170A00CC6A22 = {
						CreatedOnToolsVersion = 15.3;
					};
					F59C1A622BC9170A00CC6A22 = {
						CreatedOnToolsVersion = 15.3;
					};
					F59C1AB72BC9180D00CC6A22 = {
						CreatedOnToolsVersion = 15.3;
					};
				};
			};
			buildConfigurationList = F59C1A532BC9170A00CC6A22 /* Build configuration list for PBXProject "oneSDK" */;
			compatibilityVersion = "Xcode 14.0";
			developmentRegion = en;
			hasScannedForEncodings = 0;
			knownRegions = (
				en,
				Base,
			);
			mainGroup = F59C1A4F2BC9170A00CC6A22;
			packageReferences = (
				F599991A2DE6F79D005472C3 /* XCRemoteSwiftPackageReference "facebook-ios-sdk" */,
				F552CDF32DE954BF008888F4 /* XCRemoteSwiftPackageReference "GoogleSignIn-iOS" */,
				F552CE9C2DE97527008888F4 /* XCRemoteSwiftPackageReference "ios_sdk" */,
			);
			productRefGroup = F59C1A5A2BC9170A00CC6A22 /* Products */;
			projectDirPath = "";
			projectRoot = "";
			targets = (
				F59C1A582BC9170A00CC6A22 /* oneSDK */,
				F59C1A622BC9170A00CC6A22 /* oneSDKTests */,
				F59C1AB72BC9180D00CC6A22 /* Resource */,
			);
		};
/* End PBXProject section */

/* Begin PBXResourcesBuildPhase section */
		F59C1A572BC9170A00CC6A22 /* Resources */ = {
			isa = PBXResourcesBuildPhase;
			buildActionMask = 2147483647;
			files = (
			);
			runOnlyForDeploymentPostprocessing = 0;
		};
		F59C1A612BC9170A00CC6A22 /* Resources */ = {
			isa = PBXResourcesBuildPhase;
			buildActionMask = 2147483647;
			files = (
			);
			runOnlyForDeploymentPostprocessing = 0;
		};
		F59C1AB62BC9180D00CC6A22 /* Resources */ = {
			isa = PBXResourcesBuildPhase;
			buildActionMask = 2147483647;
			files = (
				F50F4A602C60824900BD0E7A /* loading.png in Resources */,
				F50F4A592C60824900BD0E7A /* login_line_h.png in Resources */,
				F59C1B6F2BC918D900CC6A22 /* applebutton.png in Resources */,
				F50F4A572C60824900BD0E7A /* info_small_h.png in Resources */,
				F59C1B702BC918DA00CC6A22 /* button.png in Resources */,
				F5C2868D2C7DE69A001BF283 /* forget_bg_s.png in Resources */,
				F50F4A5F2C60824900BD0E7A /* tips_s.png in Resources */,
				F50F4A5C2C60824900BD0E7A /* login_bg_s.png in Resources */,
				F59C1B712BC918DB00CC6A22 /* closebtn.png in Resources */,
				F50F4A562C60824900BD0E7A /* info_small_s.png in Resources */,
				F5C2868E2C7DE69A001BF283 /* forget_bg_h.png in Resources */,
				F50F4A5A2C60824900BD0E7A /* login_submit_btn.png in Resources */,
				F50F4A5E2C60824900BD0E7A /* guestbutton.png in Resources */,
				F5C286E92C7E0819001BF283 /* close.png in Resources */,
				F51FED752CA7C7DF00835A9E /* reward_bar_h.png in Resources */,
				F51FED762CA7C7DF00835A9E /* reward_bar_s.png in Resources */,
				F5C286E72C7E0726001BF283 /* auto_login_title_s.png in Resources */,
				F50F4A5D2C60824900BD0E7A /* login_line_s.png in Resources */,
				F50F4A582C60824900BD0E7A /* login_bg_h.png in Resources */,
				F59DB2942C8055F700DF6C1B /* ios_pkcs8_rsa_public_key.der in Resources */,
				F50F4A5B2C60824900BD0E7A /* info_bg_s.png in Resources */,
				F50F4A552C60824900BD0E7A /* tips_h.png in Resources */,
				F5C286E62C7E0726001BF283 /* auto_login_title_h.png in Resources */,
				F59C1B762BC918E100CC6A22 /* info_bg_h.png in Resources */,
				F59C1B892BC9195D00CC6A22 /* sy_ball.png in Resources */,
				F59C1B842BC918F200CC6A22 /* tips.json in Resources */,
				F59C1B732BC918DD00CC6A22 /* googlebutton.png in Resources */,
				F59C1B722BC918DC00CC6A22 /* fbbutton.png in Resources */,
			);
			runOnlyForDeploymentPostprocessing = 0;
		};
/* End PBXResourcesBuildPhase section */

/* Begin PBXSourcesBuildPhase section */
		F59C1A552BC9170A00CC6A22 /* Sources */ = {
			isa = PBXSourcesBuildPhase;
			buildActionMask = 2147483647;
			files = (
				F59C1A5E2BC9170A00CC6A22 /* oneSDK.docc in Sources */,
				F59C1BD22BC9198F00CC6A22 /* oneSDKBranchPlayerConfig.m in Sources */,
				F59C1BDE2BC9198F00CC6A22 /* oneSDKBranchBase64Utils.m in Sources */,
				F59C1BF32BC9198F00CC6A22 /* oneSDKBranchRegisterView.m in Sources */,
				F59C1BF72BC9198F00CC6A22 /* oneSDKBranchTipsView.m in Sources */,
				F59C1BED2BC9198F00CC6A22 /* oneSDKBranchLoginView.m in Sources */,
				F59C1BF12BC9198F00CC6A22 /* oneSDKBranchPayView.m in Sources */,
				F50F4A482C60757900BD0E7A /* oneSDKBranchModifyNickName.m in Sources */,
				F59C1BD02BC9198F00CC6A22 /* oneSDKBranchGameJniHelper.m in Sources */,
				F59C1BDA2BC9198F00CC6A22 /* oneSDKKeychain.m in Sources */,
				F59C1BEB2BC9198F00CC6A22 /* oneSDKBranchUserInfoView.m in Sources */,
				F536B75B2C7EDF5500107ECE /* oneSDKBranchInternalSingleCase.m in Sources */,
				F59C1BD82BC9198F00CC6A22 /* oneSDKBranchHttpManager.m in Sources */,
				F59C1BE02BC9198F00CC6A22 /* oneSDKBranchEncryptionUtils.m in Sources */,
				F51FED722CA7C00B00835A9E /* oneSDKBranchForceBindRewardView.m in Sources */,
				F50F4A442C60745F00BD0E7A /* oneSDKBranchForceBindView.m in Sources */,
				F59C1BD42BC9198F00CC6A22 /* oneSDKBranch.m in Sources */,
				F59C1BFB2BC9198F00CC6A22 /* oneSDKBranchSyFloatView.m in Sources */,
				F59C1BE92BC9198F00CC6A22 /* oneSDKBranchForgetView.m in Sources */,
				F59C1BDC2BC9198F00CC6A22 /* oneSDKKeychainQuery.m in Sources */,
				F50F4A402C6072FE00BD0E7A /* always.m in Sources */,
				F59C1C012BC9198F00CC6A22 /* oneSDKBranchOrderInfo.m in Sources */,
				F59C1BE52BC9198F00CC6A22 /* oneSDKBranchUtils.m in Sources */,
				F5DD987C2C7486E600CAD395 /* oneSDKBranchRSAUtils.m in Sources */,
				F59C1BFD2BC9198F00CC6A22 /* oneSDKBranchBaseActivity.m in Sources */,
				F59C1BF92BC9198F00CC6A22 /* oneSDKBranchToastUtils.m in Sources */,
				F59C1BD62BC9198F00CC6A22 /* oneSDKBranchListener.m in Sources */,
				F5C286D52C7DFF16001BF283 /* oneSDKBranchLoadingView.m in Sources */,
			);
			runOnlyForDeploymentPostprocessing = 0;
		};
		F59C1A5F2BC9170A00CC6A22 /* Sources */ = {
			isa = PBXSourcesBuildPhase;
			buildActionMask = 2147483647;
			files = (
				F59C1A692BC9170A00CC6A22 /* oneSDKTests.m in Sources */,
			);
			runOnlyForDeploymentPostprocessing = 0;
		};
		F59C1AB42BC9180D00CC6A22 /* Sources */ = {
			isa = PBXSourcesBuildPhase;
			buildActionMask = 2147483647;
			files = (
			);
			runOnlyForDeploymentPostprocessing = 0;
		};
/* End PBXSourcesBuildPhase section */

/* Begin PBXTargetDependency section */
		F59C1A662BC9170A00CC6A22 /* PBXTargetDependency */ = {
			isa = PBXTargetDependency;
			target = F59C1A582BC9170A00CC6A22 /* oneSDK */;
			targetProxy = F59C1A652BC9170A00CC6A22 /* PBXContainerItemProxy */;
		};
/* End PBXTargetDependency section */

/* Begin XCBuildConfiguration section */
		F59C1A6B2BC9170A00CC6A22 /* Debug */ = {
			isa = XCBuildConfiguration;
			buildSettings = {
				ALWAYS_SEARCH_USER_PATHS = NO;
				ASSETCATALOG_COMPILER_GENERATE_SWIFT_ASSET_SYMBOL_EXTENSIONS = YES;
				CLANG_ANALYZER_NONNULL = YES;
				CLANG_ANALYZER_NUMBER_OBJECT_CONVERSION = YES_AGGRESSIVE;
				CLANG_CXX_LANGUAGE_STANDARD = "gnu++20";
				CLANG_ENABLE_MODULES = YES;
				CLANG_ENABLE_OBJC_ARC = YES;
				CLANG_ENABLE_OBJC_WEAK = YES;
				CLANG_WARN_BLOCK_CAPTURE_AUTORELEASING = YES;
				CLANG_WARN_BOOL_CONVERSION = YES;
				CLANG_WARN_COMMA = YES;
				CLANG_WARN_CONSTANT_CONVERSION = YES;
				CLANG_WARN_DEPRECATED_OBJC_IMPLEMENTATIONS = YES;
				CLANG_WARN_DIRECT_OBJC_ISA_USAGE = YES_ERROR;
				CLANG_WARN_DOCUMENTATION_COMMENTS = YES;
				CLANG_WARN_EMPTY_BODY = YES;
				CLANG_WARN_ENUM_CONVERSION = YES;
				CLANG_WARN_INFINITE_RECURSION = YES;
				CLANG_WARN_INT_CONVERSION = YES;
				CLANG_WARN_NON_LITERAL_NULL_CONVERSION = YES;
				CLANG_WARN_OBJC_IMPLICIT_RETAIN_SELF = YES;
				CLANG_WARN_OBJC_LITERAL_CONVERSION = YES;
				CLANG_WARN_OBJC_ROOT_CLASS = YES_ERROR;
				CLANG_WARN_QUOTED_INCLUDE_IN_FRAMEWORK_HEADER = YES;
				CLANG_WARN_RANGE_LOOP_ANALYSIS = YES;
				CLANG_WARN_STRICT_PROTOTYPES = YES;
				CLANG_WARN_SUSPICIOUS_MOVE = YES;
				CLANG_WARN_UNGUARDED_AVAILABILITY = YES_AGGRESSIVE;
				CLANG_WARN_UNREACHABLE_CODE = YES;
				CLANG_WARN__DUPLICATE_METHOD_MATCH = YES;
				COPY_PHASE_STRIP = NO;
				CURRENT_PROJECT_VERSION = 1;
				DEBUG_INFORMATION_FORMAT = dwarf;
				ENABLE_STRICT_OBJC_MSGSEND = YES;
				ENABLE_TESTABILITY = YES;
				ENABLE_USER_SCRIPT_SANDBOXING = YES;
				GCC_C_LANGUAGE_STANDARD = gnu17;
				GCC_DYNAMIC_NO_PIC = NO;
				GCC_NO_COMMON_BLOCKS = YES;
				GCC_OPTIMIZATION_LEVEL = 0;
				GCC_PREPROCESSOR_DEFINITIONS = (
					"DEBUG=1",
					"$(inherited)",
				);
				GCC_WARN_64_TO_32_BIT_CONVERSION = YES;
				GCC_WARN_ABOUT_RETURN_TYPE = YES_ERROR;
				GCC_WARN_UNDECLARED_SELECTOR = YES;
				GCC_WARN_UNINITIALIZED_AUTOS = YES_AGGRESSIVE;
				GCC_WARN_UNUSED_FUNCTION = YES;
				GCC_WARN_UNUSED_VARIABLE = YES;
				IPHONEOS_DEPLOYMENT_TARGET = 17.4;
				LOCALIZATION_PREFERS_STRING_CATALOGS = YES;
				MTL_ENABLE_DEBUG_INFO = INCLUDE_SOURCE;
				MTL_FAST_MATH = YES;
				ONLY_ACTIVE_ARCH = YES;
				SDKROOT = iphoneos;
				VERSIONING_SYSTEM = "apple-generic";
				VERSION_INFO_PREFIX = "";
			};
			name = Debug;
		};
		F59C1A6C2BC9170A00CC6A22 /* Release */ = {
			isa = XCBuildConfiguration;
			buildSettings = {
				ALWAYS_SEARCH_USER_PATHS = NO;
				ASSETCATALOG_COMPILER_GENERATE_SWIFT_ASSET_SYMBOL_EXTENSIONS = YES;
				CLANG_ANALYZER_NONNULL = YES;
				CLANG_ANALYZER_NUMBER_OBJECT_CONVERSION = YES_AGGRESSIVE;
				CLANG_CXX_LANGUAGE_STANDARD = "gnu++20";
				CLANG_ENABLE_MODULES = YES;
				CLANG_ENABLE_OBJC_ARC = YES;
				CLANG_ENABLE_OBJC_WEAK = YES;
				CLANG_WARN_BLOCK_CAPTURE_AUTORELEASING = YES;
				CLANG_WARN_BOOL_CONVERSION = YES;
				CLANG_WARN_COMMA = YES;
				CLANG_WARN_CONSTANT_CONVERSION = YES;
				CLANG_WARN_DEPRECATED_OBJC_IMPLEMENTATIONS = YES;
				CLANG_WARN_DIRECT_OBJC_ISA_USAGE = YES_ERROR;
				CLANG_WARN_DOCUMENTATION_COMMENTS = YES;
				CLANG_WARN_EMPTY_BODY = YES;
				CLANG_WARN_ENUM_CONVERSION = YES;
				CLANG_WARN_INFINITE_RECURSION = YES;
				CLANG_WARN_INT_CONVERSION = YES;
				CLANG_WARN_NON_LITERAL_NULL_CONVERSION = YES;
				CLANG_WARN_OBJC_IMPLICIT_RETAIN_SELF = YES;
				CLANG_WARN_OBJC_LITERAL_CONVERSION = YES;
				CLANG_WARN_OBJC_ROOT_CLASS = YES_ERROR;
				CLANG_WARN_QUOTED_INCLUDE_IN_FRAMEWORK_HEADER = YES;
				CLANG_WARN_RANGE_LOOP_ANALYSIS = YES;
				CLANG_WARN_STRICT_PROTOTYPES = YES;
				CLANG_WARN_SUSPICIOUS_MOVE = YES;
				CLANG_WARN_UNGUARDED_AVAILABILITY = YES_AGGRESSIVE;
				CLANG_WARN_UNREACHABLE_CODE = YES;
				CLANG_WARN__DUPLICATE_METHOD_MATCH = YES;
				COPY_PHASE_STRIP = NO;
				CURRENT_PROJECT_VERSION = 1;
				DEBUG_INFORMATION_FORMAT = "dwarf-with-dsym";
				ENABLE_NS_ASSERTIONS = NO;
				ENABLE_STRICT_OBJC_MSGSEND = YES;
				ENABLE_USER_SCRIPT_SANDBOXING = YES;
				GCC_C_LANGUAGE_STANDARD = gnu17;
				GCC_NO_COMMON_BLOCKS = YES;
				GCC_WARN_64_TO_32_BIT_CONVERSION = YES;
				GCC_WARN_ABOUT_RETURN_TYPE = YES_ERROR;
				GCC_WARN_UNDECLARED_SELECTOR = YES;
				GCC_WARN_UNINITIALIZED_AUTOS = YES_AGGRESSIVE;
				GCC_WARN_UNUSED_FUNCTION = YES;
				GCC_WARN_UNUSED_VARIABLE = YES;
				IPHONEOS_DEPLOYMENT_TARGET = 17.4;
				LOCALIZATION_PREFERS_STRING_CATALOGS = YES;
				MTL_ENABLE_DEBUG_INFO = NO;
				MTL_FAST_MATH = YES;
				SDKROOT = iphoneos;
				VALIDATE_PRODUCT = YES;
				VERSIONING_SYSTEM = "apple-generic";
				VERSION_INFO_PREFIX = "";
			};
			name = Release;
		};
		F59C1A6E2BC9170A00CC6A22 /* Debug */ = {
			isa = XCBuildConfiguration;
			buildSettings = {
				CODE_SIGN_STYLE = Automatic;
				CURRENT_PROJECT_VERSION = 1;
				DEAD_CODE_STRIPPING = NO;
				DEFINES_MODULE = YES;
				DYLIB_COMPATIBILITY_VERSION = 1;
				DYLIB_CURRENT_VERSION = 1;
				DYLIB_INSTALL_NAME_BASE = "@rpath";
				ENABLE_MODULE_VERIFIER = YES;
				EXCLUDED_ARCHS = "";
				GENERATE_INFOPLIST_FILE = YES;
				INFOPLIST_KEY_NSHumanReadableCopyright = "";
				INSTALL_PATH = "$(LOCAL_LIBRARY_DIR)/Frameworks";
				IPHONEOS_DEPLOYMENT_TARGET = 12.0;
				LD_RUNPATH_SEARCH_PATHS = (
					"$(inherited)",
					"@executable_path/Frameworks",
					"@loader_path/Frameworks",
				);
				MACH_O_TYPE = staticlib;
				MARKETING_VERSION = 1.0;
				MODULE_VERIFIER_SUPPORTED_LANGUAGES = "objective-c objective-c++";
				MODULE_VERIFIER_SUPPORTED_LANGUAGE_STANDARDS = "gnu17 gnu++20";
				ONLY_ACTIVE_ARCH = NO;
				PRODUCT_BUNDLE_IDENTIFIER = com.tianxia.oneSDK;
				PRODUCT_NAME = "$(TARGET_NAME:c99extidentifier)";
				SKIP_INSTALL = YES;
				SWIFT_EMIT_LOC_STRINGS = YES;
				SWIFT_VERSION = 5.0;
				TARGETED_DEVICE_FAMILY = "1,2";
			};
			name = Debug;
		};
		F59C1A6F2BC9170A00CC6A22 /* Release */ = {
			isa = XCBuildConfiguration;
			buildSettings = {
				CODE_SIGN_STYLE = Automatic;
				CURRENT_PROJECT_VERSION = 1;
				DEAD_CODE_STRIPPING = NO;
				DEFINES_MODULE = YES;
				DYLIB_COMPATIBILITY_VERSION = 1;
				DYLIB_CURRENT_VERSION = 1;
				DYLIB_INSTALL_NAME_BASE = "@rpath";
				ENABLE_MODULE_VERIFIER = YES;
				EXCLUDED_ARCHS = "";
				GENERATE_INFOPLIST_FILE = YES;
				INFOPLIST_KEY_NSHumanReadableCopyright = "";
				INSTALL_PATH = "$(LOCAL_LIBRARY_DIR)/Frameworks";
				IPHONEOS_DEPLOYMENT_TARGET = 12.0;
				LD_RUNPATH_SEARCH_PATHS = (
					"$(inherited)",
					"@executable_path/Frameworks",
					"@loader_path/Frameworks",
				);
				MACH_O_TYPE = staticlib;
				MARKETING_VERSION = 1.0;
				MODULE_VERIFIER_SUPPORTED_LANGUAGES = "objective-c objective-c++";
				MODULE_VERIFIER_SUPPORTED_LANGUAGE_STANDARDS = "gnu17 gnu++20";
				PRODUCT_BUNDLE_IDENTIFIER = com.tianxia.oneSDK;
				PRODUCT_NAME = "$(TARGET_NAME:c99extidentifier)";
				SKIP_INSTALL = YES;
				SWIFT_EMIT_LOC_STRINGS = YES;
				SWIFT_VERSION = 5.0;
				TARGETED_DEVICE_FAMILY = "1,2";
			};
			name = Release;
		};
		F59C1A712BC9170A00CC6A22 /* Debug */ = {
			isa = XCBuildConfiguration;
			buildSettings = {
				CODE_SIGN_STYLE = Automatic;
				CURRENT_PROJECT_VERSION = 1;
				GENERATE_INFOPLIST_FILE = YES;
				MARKETING_VERSION = 1.0;
				PRODUCT_BUNDLE_IDENTIFIER = com.tianxia.oneSDKTests;
				PRODUCT_NAME = "$(TARGET_NAME)";
				SWIFT_EMIT_LOC_STRINGS = NO;
				TARGETED_DEVICE_FAMILY = "1,2";
			};
			name = Debug;
		};
		F59C1A722BC9170A00CC6A22 /* Release */ = {
			isa = XCBuildConfiguration;
			buildSettings = {
				CODE_SIGN_STYLE = Automatic;
				CURRENT_PROJECT_VERSION = 1;
				GENERATE_INFOPLIST_FILE = YES;
				MARKETING_VERSION = 1.0;
				PRODUCT_BUNDLE_IDENTIFIER = com.tianxia.oneSDKTests;
				PRODUCT_NAME = "$(TARGET_NAME)";
				SWIFT_EMIT_LOC_STRINGS = NO;
				TARGETED_DEVICE_FAMILY = "1,2";
			};
			name = Release;
		};
		F59C1ABA2BC9180D00CC6A22 /* Debug */ = {
			isa = XCBuildConfiguration;
			buildSettings = {
				"CODE_SIGN_IDENTITY[sdk=iphoneos*]" = "iPhone Developer";
				CODE_SIGN_STYLE = Manual;
				COMBINE_HIDPI_IMAGES = NO;
				CURRENT_PROJECT_VERSION = 1;
				DEVELOPMENT_TEAM = "";
				"DEVELOPMENT_TEAM[sdk=iphoneos*]" = SZCRQ7AUQR;
				GENERATE_INFOPLIST_FILE = YES;
				INFOPLIST_KEY_NSHumanReadableCopyright = "";
				INFOPLIST_KEY_NSPrincipalClass = "";
				INSTALL_PATH = "$(LOCAL_LIBRARY_DIR)/Bundles";
				IPHONEOS_DEPLOYMENT_TARGET = 12.0;
				MACOSX_DEPLOYMENT_TARGET = 14.4;
				MARKETING_VERSION = 1.0;
				PRODUCT_BUNDLE_IDENTIFIER = com.tianxia.Resource;
				PRODUCT_NAME = "$(TARGET_NAME)";
				PROVISIONING_PROFILE_SPECIFIER = "";
				SDKROOT = iphoneos;
				SKIP_INSTALL = YES;
				SWIFT_EMIT_LOC_STRINGS = YES;
				WRAPPER_EXTENSION = bundle;
			};
			name = Debug;
		};
		F59C1ABB2BC9180D00CC6A22 /* Release */ = {
			isa = XCBuildConfiguration;
			buildSettings = {
				"CODE_SIGN_IDENTITY[sdk=iphoneos*]" = "iPhone Developer";
				CODE_SIGN_STYLE = Manual;
				COMBINE_HIDPI_IMAGES = NO;
				CURRENT_PROJECT_VERSION = 1;
				DEVELOPMENT_TEAM = "";
				"DEVELOPMENT_TEAM[sdk=iphoneos*]" = SZCRQ7AUQR;
				GENERATE_INFOPLIST_FILE = YES;
				INFOPLIST_KEY_NSHumanReadableCopyright = "";
				INFOPLIST_KEY_NSPrincipalClass = "";
				INSTALL_PATH = "$(LOCAL_LIBRARY_DIR)/Bundles";
				IPHONEOS_DEPLOYMENT_TARGET = 12.0;
				MACOSX_DEPLOYMENT_TARGET = 14.4;
				MARKETING_VERSION = 1.0;
				PRODUCT_BUNDLE_IDENTIFIER = com.tianxia.Resource;
				PRODUCT_NAME = "$(TARGET_NAME)";
				PROVISIONING_PROFILE_SPECIFIER = "";
				SDKROOT = iphoneos;
				SKIP_INSTALL = YES;
				SWIFT_EMIT_LOC_STRINGS = YES;
				WRAPPER_EXTENSION = bundle;
			};
			name = Release;
		};
/* End XCBuildConfiguration section */

/* Begin XCConfigurationList section */
		F59C1A532BC9170A00CC6A22 /* Build configuration list for PBXProject "oneSDK" */ = {
			isa = XCConfigurationList;
			buildConfigurations = (
				F59C1A6B2BC9170A00CC6A22 /* Debug */,
				F59C1A6C2BC9170A00CC6A22 /* Release */,
			);
			defaultConfigurationIsVisible = 0;
			defaultConfigurationName = Release;
		};
		F59C1A6D2BC9170A00CC6A22 /* Build configuration list for PBXNativeTarget "oneSDK" */ = {
			isa = XCConfigurationList;
			buildConfigurations = (
				F59C1A6E2BC9170A00CC6A22 /* Debug */,
				F59C1A6F2BC9170A00CC6A22 /* Release */,
			);
			defaultConfigurationIsVisible = 0;
			defaultConfigurationName = Release;
		};
		F59C1A702BC9170A00CC6A22 /* Build configuration list for PBXNativeTarget "oneSDKTests" */ = {
			isa = XCConfigurationList;
			buildConfigurations = (
				F59C1A712BC9170A00CC6A22 /* Debug */,
				F59C1A722BC9170A00CC6A22 /* Release */,
			);
			defaultConfigurationIsVisible = 0;
			defaultConfigurationName = Release;
		};
		F59C1AB92BC9180D00CC6A22 /* Build configuration list for PBXNativeTarget "Resource" */ = {
			isa = XCConfigurationList;
			buildConfigurations = (
				F59C1ABA2BC9180D00CC6A22 /* Debug */,
				F59C1ABB2BC9180D00CC6A22 /* Release */,
			);
			defaultConfigurationIsVisible = 0;
			defaultConfigurationName = Release;
		};
/* End XCConfigurationList section */

/* Begin XCRemoteSwiftPackageReference section */
		F552CDF32DE954BF008888F4 /* XCRemoteSwiftPackageReference "GoogleSignIn-iOS" */ = {
			isa = XCRemoteSwiftPackageReference;
			repositoryURL = "https://github.com/google/GoogleSignIn-iOS";
			requirement = {
				kind = upToNextMajorVersion;
				minimumVersion = 8.0.0;
			};
		};
		F552CE9C2DE97527008888F4 /* XCRemoteSwiftPackageReference "ios_sdk" */ = {
			isa = XCRemoteSwiftPackageReference;
			repositoryURL = "https://github.com/adjust/ios_sdk";
			requirement = {
				kind = upToNextMajorVersion;
				minimumVersion = 5.4.0;
			};
		};
		F599991A2DE6F79D005472C3 /* XCRemoteSwiftPackageReference "facebook-ios-sdk" */ = {
			isa = XCRemoteSwiftPackageReference;
			repositoryURL = "https://github.com/facebook/facebook-ios-sdk";
			requirement = {
				kind = upToNextMajorVersion;
				minimumVersion = 18.0.0;
			};
		};
/* End XCRemoteSwiftPackageReference section */

/* Begin XCSwiftPackageProductDependency section */
		F552CDF42DE954BF008888F4 /* GoogleSignIn */ = {
			isa = XCSwiftPackageProductDependency;
			package = F552CDF32DE954BF008888F4 /* XCRemoteSwiftPackageReference "GoogleSignIn-iOS" */;
			productName = GoogleSignIn;
		};
		F552CDF62DE954BF008888F4 /* GoogleSignInSwift */ = {
			isa = XCSwiftPackageProductDependency;
			package = F552CDF32DE954BF008888F4 /* XCRemoteSwiftPackageReference "GoogleSignIn-iOS" */;
			productName = GoogleSignInSwift;
		};
		F552CE9D2DE97527008888F4 /* AdjustSdk */ = {
			isa = XCSwiftPackageProductDependency;
			package = F552CE9C2DE97527008888F4 /* XCRemoteSwiftPackageReference "ios_sdk" */;
			productName = AdjustSdk;
		};
		F552CE9F2DE97527008888F4 /* AdjustWebBridge */ = {
			isa = XCSwiftPackageProductDependency;
			package = F552CE9C2DE97527008888F4 /* XCRemoteSwiftPackageReference "ios_sdk" */;
			productName = AdjustWebBridge;
		};
		F599991B2DE6F79D005472C3 /* FacebookAEM */ = {
			isa = XCSwiftPackageProductDependency;
			package = F599991A2DE6F79D005472C3 /* XCRemoteSwiftPackageReference "facebook-ios-sdk" */;
			productName = FacebookAEM;
		};
		F599991D2DE6F79D005472C3 /* FacebookBasics */ = {
			isa = XCSwiftPackageProductDependency;
			package = F599991A2DE6F79D005472C3 /* XCRemoteSwiftPackageReference "facebook-ios-sdk" */;
			productName = FacebookBasics;
		};
		F599991F2DE6F79D005472C3 /* FacebookCore */ = {
			isa = XCSwiftPackageProductDependency;
			package = F599991A2DE6F79D005472C3 /* XCRemoteSwiftPackageReference "facebook-ios-sdk" */;
			productName = FacebookCore;
		};
		F59999212DE6F79D005472C3 /* FacebookGamingServices */ = {
			isa = XCSwiftPackageProductDependency;
			package = F599991A2DE6F79D005472C3 /* XCRemoteSwiftPackageReference "facebook-ios-sdk" */;
			productName = FacebookGamingServices;
		};
		F59999232DE6F79D005472C3 /* FacebookLogin */ = {
			isa = XCSwiftPackageProductDependency;
			package = F599991A2DE6F79D005472C3 /* XCRemoteSwiftPackageReference "facebook-ios-sdk" */;
			productName = FacebookLogin;
		};
/* End XCSwiftPackageProductDependency section */
	};
	rootObject = F59C1A502BC9170A00CC6A22 /* Project object */;
}
